
Microsoft Visual Studio Solution File, Format Version 12.00
# Visual Studio Version 17
VisualStudioVersion = 17.6.33815.320
MinimumVisualStudioVersion = 10.0.40219.1
Project("{FAE04EC0-301F-11D3-BF4B-00C04F79EFBC}") = "BilancoTakipProjesi", "BilancoTakipProjesi\BilancoTakipProjesi.csproj", "{F606E568-7463-4755-A35E-5BFCFAA52524}"
EndProject
Project("{2150E333-8FDC-42A3-9474-1A3956D46DE8}") = "Solution Items", "Solution Items", "{7A058585-4713-443C-9427-12DAB27753FA}"
	ProjectSection(SolutionItems) = preProject
		.editorconfig = .editorconfig
	EndProjectSection
EndProject
Global
	GlobalSection(SolutionConfigurationPlatforms) = preSolution
		Debug|Any CPU = Debug|Any CPU
		Release|Any CPU = Release|Any CPU
	EndGlobalSection
	GlobalSection(ProjectConfigurationPlatforms) = postSolution
		{F606E568-7463-4755-A35E-5BFCFAA52524}.Debug|Any CPU.ActiveCfg = Debug|Any CPU
		{F606E568-7463-4755-A35E-5BFCFAA52524}.Debug|Any CPU.Build.0 = Debug|Any CPU
		{F606E568-7463-4755-A35E-5BFCFAA52524}.Release|Any CPU.ActiveCfg = Release|Any CPU
		{F606E568-7463-4755-A35E-5BFCFAA52524}.Release|Any CPU.Build.0 = Release|Any CPU
	EndGlobalSection
	GlobalSection(SolutionProperties) = preSolution
		HideSolutionNode = FALSE
	EndGlobalSection
	GlobalSection(ExtensibilityGlobals) = postSolution
		SolutionGuid = {451DA968-10F6-42EF-BDC3-D841D97092DB}
	EndGlobalSection
EndGlobal
